{
  "name": "spawn-command",
  "version": "1.0.0",
  "lockfileVersion": 3,
  "requires": true,
  "packages": {
    "": {
      "name": "spawn-command",
      "version": "0.0.2-1",
      "license": "MIT",
      "devDependencies": {
        "assert-called": "0.1.x"
      }
    },
    "node_modules/assert-called": {
      "version": "0.1.2",
      "resolved": "https://registry.npmjs.org/assert-called/-/assert-called-0.1.2.tgz",
      "integrity": "sha512-emAK82B2Ah30BVj93uoVUEN8NuNtFcT+9sEZyC4ng+QlsZ8yQfD26wICVGXKCkjbnJZmGqOzzCPBzXN020I0zg==",
      "dev": true
    }
  }
}
